
Microsoft Visual Studio Solution File, Format Version 12.00
# Visual Studio 15
VisualStudioVersion = 15.0.26124.0
MinimumVisualStudioVersion = 15.0.26124.0
Project("{FAE04EC0-301F-11D3-BF4B-00C04F79EFBC}") = "Library.Components", "src\Library.Components\Library.Components.csproj", "{1E9CCBB9-EF1C-4993-BF00-B90DCBF932DA}"
EndProject
Project("{FAE04EC0-301F-11D3-BF4B-00C04F79EFBC}") = "Library.Components.Tests", "tests\Library.Components.Tests\Library.Components.Tests.csproj", "{E94A9FE2-1455-4BA1-AEE8-8F7AA1941ED3}"
EndProject
Project("{FAE04EC0-301F-11D3-BF4B-00C04F79EFBC}") = "Library.Contracts", "src\Library.Contracts\Library.Contracts.csproj", "{C5B5F038-995D-4466-8F8F-2D51751D133F}"
EndProject
Project("{FAE04EC0-301F-11D3-BF4B-00C04F79EFBC}") = "Library.Integration.Tests", "tests\Library.Integration.Tests\Library.Integration.Tests.csproj", "{7679FD7A-1584-4579-ABCF-664DA5FC0133}"
EndProject
Project("{2150E333-8FDC-42A3-9474-1A3956D46DE8}") = "src", "src", "{597F4D76-F469-408D-9E1E-1863D508D1C6}"
EndProject
Project("{2150E333-8FDC-42A3-9474-1A3956D46DE8}") = "tests", "tests", "{685E5157-F445-4E99-9BF6-59CB72BDD96E}"
EndProject
Global
	GlobalSection(SolutionConfigurationPlatforms) = preSolution
		Debug|Any CPU = Debug|Any CPU
		Debug|x64 = Debug|x64
		Debug|x86 = Debug|x86
		Release|Any CPU = Release|Any CPU
		Release|x64 = Release|x64
		Release|x86 = Release|x86
	EndGlobalSection
	GlobalSection(SolutionProperties) = preSolution
		HideSolutionNode = FALSE
	EndGlobalSection
	GlobalSection(ProjectConfigurationPlatforms) = postSolution
		{1E9CCBB9-EF1C-4993-BF00-B90DCBF932DA}.Debug|Any CPU.ActiveCfg = Debug|Any CPU
		{1E9CCBB9-EF1C-4993-BF00-B90DCBF932DA}.Debug|Any CPU.Build.0 = Debug|Any CPU
		{1E9CCBB9-EF1C-4993-BF00-B90DCBF932DA}.Debug|x64.ActiveCfg = Debug|Any CPU
		{1E9CCBB9-EF1C-4993-BF00-B90DCBF932DA}.Debug|x64.Build.0 = Debug|Any CPU
		{1E9CCBB9-EF1C-4993-BF00-B90DCBF932DA}.Debug|x86.ActiveCfg = Debug|Any CPU
		{1E9CCBB9-EF1C-4993-BF00-B90DCBF932DA}.Debug|x86.Build.0 = Debug|Any CPU
		{1E9CCBB9-EF1C-4993-BF00-B90DCBF932DA}.Release|Any CPU.ActiveCfg = Release|Any CPU
		{1E9CCBB9-EF1C-4993-BF00-B90DCBF932DA}.Release|Any CPU.Build.0 = Release|Any CPU
		{1E9CCBB9-EF1C-4993-BF00-B90DCBF932DA}.Release|x64.ActiveCfg = Release|Any CPU
		{1E9CCBB9-EF1C-4993-BF00-B90DCBF932DA}.Release|x64.Build.0 = Release|Any CPU
		{1E9CCBB9-EF1C-4993-BF00-B90DCBF932DA}.Release|x86.ActiveCfg = Release|Any CPU
		{1E9CCBB9-EF1C-4993-BF00-B90DCBF932DA}.Release|x86.Build.0 = Release|Any CPU
		{E94A9FE2-1455-4BA1-AEE8-8F7AA1941ED3}.Debug|Any CPU.ActiveCfg = Debug|Any CPU
		{E94A9FE2-1455-4BA1-AEE8-8F7AA1941ED3}.Debug|Any CPU.Build.0 = Debug|Any CPU
		{E94A9FE2-1455-4BA1-AEE8-8F7AA1941ED3}.Debug|x64.ActiveCfg = Debug|Any CPU
		{E94A9FE2-1455-4BA1-AEE8-8F7AA1941ED3}.Debug|x64.Build.0 = Debug|Any CPU
		{E94A9FE2-1455-4BA1-AEE8-8F7AA1941ED3}.Debug|x86.ActiveCfg = Debug|Any CPU
		{E94A9FE2-1455-4BA1-AEE8-8F7AA1941ED3}.Debug|x86.Build.0 = Debug|Any CPU
		{E94A9FE2-1455-4BA1-AEE8-8F7AA1941ED3}.Release|Any CPU.ActiveCfg = Release|Any CPU
		{E94A9FE2-1455-4BA1-AEE8-8F7AA1941ED3}.Release|Any CPU.Build.0 = Release|Any CPU
		{E94A9FE2-1455-4BA1-AEE8-8F7AA1941ED3}.Release|x64.ActiveCfg = Release|Any CPU
		{E94A9FE2-1455-4BA1-AEE8-8F7AA1941ED3}.Release|x64.Build.0 = Release|Any CPU
		{E94A9FE2-1455-4BA1-AEE8-8F7AA1941ED3}.Release|x86.ActiveCfg = Release|Any CPU
		{E94A9FE2-1455-4BA1-AEE8-8F7AA1941ED3}.Release|x86.Build.0 = Release|Any CPU
		{C5B5F038-995D-4466-8F8F-2D51751D133F}.Debug|Any CPU.ActiveCfg = Debug|Any CPU
		{C5B5F038-995D-4466-8F8F-2D51751D133F}.Debug|Any CPU.Build.0 = Debug|Any CPU
		{C5B5F038-995D-4466-8F8F-2D51751D133F}.Debug|x64.ActiveCfg = Debug|Any CPU
		{C5B5F038-995D-4466-8F8F-2D51751D133F}.Debug|x64.Build.0 = Debug|Any CPU
		{C5B5F038-995D-4466-8F8F-2D51751D133F}.Debug|x86.ActiveCfg = Debug|Any CPU
		{C5B5F038-995D-4466-8F8F-2D51751D133F}.Debug|x86.Build.0 = Debug|Any CPU
		{C5B5F038-995D-4466-8F8F-2D51751D133F}.Release|Any CPU.ActiveCfg = Release|Any CPU
		{C5B5F038-995D-4466-8F8F-2D51751D133F}.Release|Any CPU.Build.0 = Release|Any CPU
		{C5B5F038-995D-4466-8F8F-2D51751D133F}.Release|x64.ActiveCfg = Release|Any CPU
		{C5B5F038-995D-4466-8F8F-2D51751D133F}.Release|x64.Build.0 = Release|Any CPU
		{C5B5F038-995D-4466-8F8F-2D51751D133F}.Release|x86.ActiveCfg = Release|Any CPU
		{C5B5F038-995D-4466-8F8F-2D51751D133F}.Release|x86.Build.0 = Release|Any CPU
		{7679FD7A-1584-4579-ABCF-664DA5FC0133}.Debug|Any CPU.ActiveCfg = Debug|Any CPU
		{7679FD7A-1584-4579-ABCF-664DA5FC0133}.Debug|Any CPU.Build.0 = Debug|Any CPU
		{7679FD7A-1584-4579-ABCF-664DA5FC0133}.Debug|x64.ActiveCfg = Debug|Any CPU
		{7679FD7A-1584-4579-ABCF-664DA5FC0133}.Debug|x64.Build.0 = Debug|Any CPU
		{7679FD7A-1584-4579-ABCF-664DA5FC0133}.Debug|x86.ActiveCfg = Debug|Any CPU
		{7679FD7A-1584-4579-ABCF-664DA5FC0133}.Debug|x86.Build.0 = Debug|Any CPU
		{7679FD7A-1584-4579-ABCF-664DA5FC0133}.Release|Any CPU.ActiveCfg = Release|Any CPU
		{7679FD7A-1584-4579-ABCF-664DA5FC0133}.Release|Any CPU.Build.0 = Release|Any CPU
		{7679FD7A-1584-4579-ABCF-664DA5FC0133}.Release|x64.ActiveCfg = Release|Any CPU
		{7679FD7A-1584-4579-ABCF-664DA5FC0133}.Release|x64.Build.0 = Release|Any CPU
		{7679FD7A-1584-4579-ABCF-664DA5FC0133}.Release|x86.ActiveCfg = Release|Any CPU
		{7679FD7A-1584-4579-ABCF-664DA5FC0133}.Release|x86.Build.0 = Release|Any CPU
	EndGlobalSection
	GlobalSection(NestedProjects) = preSolution
		{E94A9FE2-1455-4BA1-AEE8-8F7AA1941ED3} = {685E5157-F445-4E99-9BF6-59CB72BDD96E}
		{1E9CCBB9-EF1C-4993-BF00-B90DCBF932DA} = {597F4D76-F469-408D-9E1E-1863D508D1C6}
		{C5B5F038-995D-4466-8F8F-2D51751D133F} = {597F4D76-F469-408D-9E1E-1863D508D1C6}
		{7679FD7A-1584-4579-ABCF-664DA5FC0133} = {685E5157-F445-4E99-9BF6-59CB72BDD96E}
	EndGlobalSection
EndGlobal
